{
    "_readme": [
        "This file locks the dependencies of your project to a known state",
        "Read more about it at https://getcomposer.org/doc/01-basic-usage.md#installing-dependencies",
        "This file is @generated automatically"
    ],
    "content-hash": "2c94f1f8e7fa77ac57ddf0aaffdd0147",
    "packages": [
        {
            "name": "magic3w/url-reflection",
            "version": "v0.1.0",
            "source": {
                "type": "git",
                "url": "https://phabricator.magic3w.com/source/url-reflection.git",
                "reference": "23bcb67767893f9225befba28cfc3aba30bf1b43"
            },
            "require-dev": {
                "phpunit/phpunit": "^9.3"
            },
            "type": "library",
            "autoload": {
                "psr-4": {
                    "magic3w\\http\\url\\reflection\\": "src/"
                }
            },
            "notification-url": "https://packagist.org/downloads/",
            "license": [
                "MIT"
            ],
            "authors": [
                {
                    "name": "César de la Cal Bretschneider",
                    "email": "cesar@magic3w.com"
                }
            ],
            "description": "Allows applications to have a URL parsed and retrieve information about it's components",
            "time": "2020-09-11T13:26:04+00:00"
        },
        {
            "name": "spitfire/request",
            "version": "v0.1.0",
            "source": {
                "type": "git",
                "url": "https://phabricator.magic3w.com/source/spitifire-request.git",
                "reference": "d3b3801273b7d65f42e974834a0658d9255caacd"
            },
            "require": {
                "magic3w/url-reflection": "^0.1.0"
            },
            "require-dev": {
                "phpunit/phpunit": "^9.4"
            },
            "type": "library",
            "autoload": {
                "psr-4": {
                    "spitfire\\io\\request\\": "./src/"
                }
            },
            "notification-url": "https://packagist.org/downloads/",
            "license": [
                "MIT"
            ],
            "authors": [
                {
                    "name": "César de la Cal Bretschneider",
                    "email": "cesar@magic3w.com"
                }
            ],
            "description": "Spitfire request mechanism",
            "time": "2020-10-15T16:00:20+00:00"
        }
    ],
    "packages-dev": [],
    "aliases": [],
    "minimum-stability": "stable",
    "stability-flags": [],
    "prefer-stable": false,
    "prefer-lowest": false,
    "platform": [],
    "platform-dev": [],
    "plugin-api-version": "1.1.0"
}
